
Microsoft Visual Studio Solution File, Format Version 12.00
# Visual Studio 14
VisualStudioVersion = 14.0.24720.0
MinimumVisualStudioVersion = 10.0.40219.1
Project("{FAE04EC0-301F-11D3-BF4B-00C04F79EFBC}") = "QualityControlPick", "QualityControlPick\QualityControlPick.csproj", "{754A63DF-53E8-485C-8628-855375FE856B}"
EndProject
Global
	GlobalSection(SolutionConfigurationPlatforms) = preSolution
		Debug|Any CPU = Debug|Any CPU
		Release|Any CPU = Release|Any CPU
	EndGlobalSection
	GlobalSection(ProjectConfigurationPlatforms) = postSolution
		{754A63DF-53E8-485C-8628-855375FE856B}.Debug|Any CPU.ActiveCfg = Debug|Any CPU
		{754A63DF-53E8-485C-8628-855375FE856B}.Debug|Any CPU.Build.0 = Debug|Any CPU
		{754A63DF-53E8-485C-8628-855375FE856B}.Debug|Any CPU.Deploy.0 = Debug|Any CPU
		{754A63DF-53E8-485C-8628-855375FE856B}.Release|Any CPU.ActiveCfg = Release|Any CPU
		{754A63DF-53E8-485C-8628-855375FE856B}.Release|Any CPU.Build.0 = Release|Any CPU
	EndGlobalSection
	GlobalSection(SolutionProperties) = preSolution
		HideSolutionNode = FALSE
	EndGlobalSection
EndGlobal
